
Microsoft Visual Studio Solution File, Format Version 12.00
# Visual Studio 15
VisualStudioVersion = 15.0.27130.2026
MinimumVisualStudioVersion = 10.0.40219.1
Project("{FAE04EC0-301F-11D3-BF4B-00C04F79EFBC}") = "Carneiro.RenamePhotos", "Carneiro.RenamePhotos.csproj", "{B981F164-D48D-4280-A723-73DBF8BF4ED2}"
EndProject
Global
	GlobalSection(SolutionConfigurationPlatforms) = preSolution
		Debug|Any CPU = Debug|Any CPU
		Release|Any CPU = Release|Any CPU
	EndGlobalSection
	GlobalSection(ProjectConfigurationPlatforms) = postSolution
		{B981F164-D48D-4280-A723-73DBF8BF4ED2}.Debug|Any CPU.ActiveCfg = Debug|Any CPU
		{B981F164-D48D-4280-A723-73DBF8BF4ED2}.Debug|Any CPU.Build.0 = Debug|Any CPU
		{B981F164-D48D-4280-A723-73DBF8BF4ED2}.Release|Any CPU.ActiveCfg = Release|Any CPU
		{B981F164-D48D-4280-A723-73DBF8BF4ED2}.Release|Any CPU.Build.0 = Release|Any CPU
	EndGlobalSection
	GlobalSection(SolutionProperties) = preSolution
		HideSolutionNode = FALSE
	EndGlobalSection
	GlobalSection(ExtensibilityGlobals) = postSolution
		SolutionGuid = {452B99D8-3E74-4965-BCB9-68A135A02060}
	EndGlobalSection
EndGlobal
